
Microsoft Visual Studio Solution File, Format Version 12.00
# Visual Studio Version 17
VisualStudioVersion = 17.9.34622.214
MinimumVisualStudioVersion = 10.0.40219.1
Project("{FAE04EC0-301F-11D3-BF4B-00C04F79EFBC}") = "MLS-Digital-Management-System-Front-End", "MLS-Digital-Management-System-Front-End\MLS-Digital-Management-System-Front-End.csproj", "{24CAFB74-11F9-4AD5-9A29-8BBBB507A68D}"
EndProject
Global
	GlobalSection(SolutionConfigurationPlatforms) = preSolution
		Debug|Any CPU = Debug|Any CPU
		Release|Any CPU = Release|Any CPU
	EndGlobalSection
	GlobalSection(ProjectConfigurationPlatforms) = postSolution
		{24CAFB74-11F9-4AD5-9A29-8BBBB507A68D}.Debug|Any CPU.ActiveCfg = Debug|Any CPU
		{24CAFB74-11F9-4AD5-9A29-8BBBB507A68D}.Debug|Any CPU.Build.0 = Debug|Any CPU
		{24CAFB74-11F9-4AD5-9A29-8BBBB507A68D}.Release|Any CPU.ActiveCfg = Release|Any CPU
		{24CAFB74-11F9-4AD5-9A29-8BBBB507A68D}.Release|Any CPU.Build.0 = Release|Any CPU
	EndGlobalSection
	GlobalSection(SolutionProperties) = preSolution
		HideSolutionNode = FALSE
	EndGlobalSection
	GlobalSection(ExtensibilityGlobals) = postSolution
		SolutionGuid = {4F273AFB-5021-4C9B-99B5-6CC2AC7234E1}
	EndGlobalSection
EndGlobal
